<?xml version="1.0" encoding="utf-8"?>
<Project ToolsVersion="4.0" xmlns="http://schemas.microsoft.com/developer/msbuild/2003">
  <ItemGroup>
    <CudaCompile Include="kernel.cu" />
  </ItemGroup>
  <ItemGroup>
    <Filter Include="src">
      <UniqueIdentifier>{d8e8d944-ae0a-4a40-bc77-a54de51649e3}</UniqueIdentifier>
    </Filter>
    <Filter Include="header">
      <UniqueIdentifier>{f65240a6-afbb-411e-bcec-32bac9beb254}</UniqueIdentifier>
    </Filter>
  </ItemGroup>
  <ItemGroup>
    <ClCompile Include="helper.cpp">
      <Filter>src</Filter>
    </ClCompile>
    <ClCompile Include="math\vect3d.cpp">
      <Filter>src</Filter>
    </ClCompile>
    <ClCompile Include="imgui.cpp">
      <Filter>src</Filter>
    </ClCompile>
    <ClCompile Include="imgui_demo.cpp">
      <Filter>src</Filter>
    </ClCompile>
    <ClCompile Include="imgui_draw.cpp">
      <Filter>src</Filter>
    </ClCompile>
    <ClCompile Include="imgui_impl_glut.cpp">
      <Filter>src</Filter>
    </ClCompile>
    <ClCompile Include="imgui_widgets.cpp">
      <Filter>src</Filter>
    </ClCompile>
  </ItemGroup>
  <ItemGroup>
    <ClInclude Include="imgui_impl_glut.h">
      <Filter>header</Filter>
    </ClInclude>
    <ClInclude Include="imgui_internal.h">
      <Filter>header</Filter>
    </ClInclude>
  </ItemGroup>
</Project>